
Microsoft Visual Studio Solution File, Format Version 12.00
# Visual Studio Version 16
VisualStudioVersion = 16.0.30309.148
MinimumVisualStudioVersion = 10.0.40219.1
Project("{FAE04EC0-301F-11D3-BF4B-00C04F79EFBC}") = "CalcularAreaDeUnCirculo", "CalcularAreaDeUnCirculo\CalcularAreaDeUnCirculo.csproj", "{C3B6F9F4-4690-4B15-B5C8-B53F03618668}"
EndProject
Global
	GlobalSection(SolutionConfigurationPlatforms) = preSolution
		Debug|Any CPU = Debug|Any CPU
		Release|Any CPU = Release|Any CPU
	EndGlobalSection
	GlobalSection(ProjectConfigurationPlatforms) = postSolution
		{C3B6F9F4-4690-4B15-B5C8-B53F03618668}.Debug|Any CPU.ActiveCfg = Debug|Any CPU
		{C3B6F9F4-4690-4B15-B5C8-B53F03618668}.Debug|Any CPU.Build.0 = Debug|Any CPU
		{C3B6F9F4-4690-4B15-B5C8-B53F03618668}.Release|Any CPU.ActiveCfg = Release|Any CPU
		{C3B6F9F4-4690-4B15-B5C8-B53F03618668}.Release|Any CPU.Build.0 = Release|Any CPU
	EndGlobalSection
	GlobalSection(SolutionProperties) = preSolution
		HideSolutionNode = FALSE
	EndGlobalSection
	GlobalSection(ExtensibilityGlobals) = postSolution
		SolutionGuid = {34B7EF4B-FF97-4FB0-837E-4DCE0042B08A}
	EndGlobalSection
EndGlobal
